// !$*UTF8*$!
{
	archiveVersion = 1;
	classes = {
	};
	objectVersion = 46;
	objects = {

/* Begin PBXBuildFile section */
		20B72CAC1B48E35300AD5345 /* AppDelegate.swift in Sources */ = {isa = PBXBuildFile; fileRef = 20B72CAB1B48E35300AD5345 /* AppDelegate.swift */; };
		20B72CAE1B48E35300AD5345 /* ViewController.swift in Sources */ = {isa = PBXBuildFile; fileRef = 20B72CAD1B48E35300AD5345 /* ViewController.swift */; };
		20B72CB11B48E35300AD5345 /* Main.storyboard in Resources */ = {isa = PBXBuildFile; fileRef = 20B72CAF1B48E35300AD5345 /* Main.storyboard */; };
		20B72CB31B48E35300AD5345 /* Assets.xcassets in Resources */ = {isa = PBXBuildFile; fileRef = 20B72CB21B48E35300AD5345 /* Assets.xcassets */; };
		20B72CB61B48E35300AD5345 /* LaunchScreen.storyboard in Resources */ = {isa = PBXBuildFile; fileRef = 20B72CB41B48E35300AD5345 /* LaunchScreen.storyboard */; };
		20B72CCD1B48E50B00AD5345 /* GildedRose.swift in Sources */ = {isa = PBXBuildFile; fileRef = 20B72CCB1B48E50B00AD5345 /* GildedRose.swift */; };
		20B72CCE1B48E50B00AD5345 /* ReadMe.txt in Resources */ = {isa = PBXBuildFile; fileRef = 20B72CCC1B48E50B00AD5345 /* ReadMe.txt */; };
		20B72CD11B48E59200AD5345 /* NormalItemTests.swift in Sources */ = {isa = PBXBuildFile; fileRef = 20B72CD01B48E59200AD5345 /* NormalItemTests.swift */; };
		20B72CD31B49A15500AD5345 /* AgedBrieTests.swift in Sources */ = {isa = PBXBuildFile; fileRef = 20B72CD21B49A15500AD5345 /* AgedBrieTests.swift */; };
		20B72CD51B49B0DC00AD5345 /* BackstagePassesTests.swift in Sources */ = {isa = PBXBuildFile; fileRef = 20B72CD41B49B0DC00AD5345 /* BackstagePassesTests.swift */; };
		20B72CD81B49B22300AD5345 /* ConjuredItemsTests.swift in Sources */ = {isa = PBXBuildFile; fileRef = 20B72CD71B49B22300AD5345 /* ConjuredItemsTests.swift */; };
/* End PBXBuildFile section */

/* Begin PBXContainerItemProxy section */
		20B72CBD1B48E35300AD5345 /* PBXContainerItemProxy */ = {
			isa = PBXContainerItemProxy;
			containerPortal = 20B72CA01B48E35300AD5345 /* Project object */;
			proxyType = 1;
			remoteGlobalIDString = 20B72CA71B48E35300AD5345;
			remoteInfo = GildedRoseKata;
		};
/* End PBXContainerItemProxy section */

/* Begin PBXFileReference section */
		20B72CA81B48E35300AD5345 /* GildedRoseKata.app */ = {isa = PBXFileReference; explicitFileType = wrapper.application; includeInIndex = 0; path = GildedRoseKata.app; sourceTree = BUILT_PRODUCTS_DIR; };
		20B72CAB1B48E35300AD5345 /* AppDelegate.swift */ = {isa = PBXFileReference; lastKnownFileType = sourcecode.swift; path = AppDelegate.swift; sourceTree = "<group>"; };
		20B72CAD1B48E35300AD5345 /* ViewController.swift */ = {isa = PBXFileReference; lastKnownFileType = sourcecode.swift; path = ViewController.swift; sourceTree = "<group>"; };
		20B72CB01B48E35300AD5345 /* Base */ = {isa = PBXFileReference; lastKnownFileType = file.storyboard; name = Base; path = Base.lproj/Main.storyboard; sourceTree = "<group>"; };
		20B72CB21B48E35300AD5345 /* Assets.xcassets */ = {isa = PBXFileReference; lastKnownFileType = folder.assetcatalog; path = Assets.xcassets; sourceTree = "<group>"; };
		20B72CB51B48E35300AD5345 /* Base */ = {isa = PBXFileReference; lastKnownFileType = file.storyboard; name = Base; path = Base.lproj/LaunchScreen.storyboard; sourceTree = "<group>"; };
		20B72CB71B48E35300AD5345 /* Info.plist */ = {isa = PBXFileReference; lastKnownFileType = text.plist.xml; path = Info.plist; sourceTree = "<group>"; };
		20B72CBC1B48E35300AD5345 /* GildedRoseKataTests.xctest */ = {isa = PBXFileReference; explicitFileType = wrapper.cfbundle; includeInIndex = 0; path = GildedRoseKataTests.xctest; sourceTree = BUILT_PRODUCTS_DIR; };
		20B72CC21B48E35300AD5345 /* Info.plist */ = {isa = PBXFileReference; lastKnownFileType = text.plist.xml; path = Info.plist; sourceTree = "<group>"; };
		20B72CCB1B48E50B00AD5345 /* GildedRose.swift */ = {isa = PBXFileReference; fileEncoding = 4; lastKnownFileType = sourcecode.swift; path = GildedRose.swift; sourceTree = "<group>"; };
		20B72CCC1B48E50B00AD5345 /* ReadMe.txt */ = {isa = PBXFileReference; fileEncoding = 4; lastKnownFileType = text; path = ReadMe.txt; sourceTree = "<group>"; };
		20B72CCF1B48E59100AD5345 /* GildedRoseKataTests-Bridging-Header.h */ = {isa = PBXFileReference; lastKnownFileType = sourcecode.c.h; path = "GildedRoseKataTests-Bridging-Header.h"; sourceTree = "<group>"; };
		20B72CD01B48E59200AD5345 /* NormalItemTests.swift */ = {isa = PBXFileReference; fileEncoding = 4; lastKnownFileType = sourcecode.swift; path = NormalItemTests.swift; sourceTree = "<group>"; };
		20B72CD21B49A15500AD5345 /* AgedBrieTests.swift */ = {isa = PBXFileReference; fileEncoding = 4; lastKnownFileType = sourcecode.swift; path = AgedBrieTests.swift; sourceTree = "<group>"; };
		20B72CD41B49B0DC00AD5345 /* BackstagePassesTests.swift */ = {isa = PBXFileReference; fileEncoding = 4; lastKnownFileType = sourcecode.swift; path = BackstagePassesTests.swift; sourceTree = "<group>"; };
		20B72CD71B49B22300AD5345 /* ConjuredItemsTests.swift */ = {isa = PBXFileReference; fileEncoding = 4; lastKnownFileType = sourcecode.swift; path = ConjuredItemsTests.swift; sourceTree = "<group>"; };
/* End PBXFileReference section */

/* Begin PBXFrameworksBuildPhase section */
		20B72CA51B48E35300AD5345 /* Frameworks */ = {
			isa = PBXFrameworksBuildPhase;
			buildActionMask = 2147483647;
			files = (
			);
			runOnlyForDeploymentPostprocessing = 0;
		};
		20B72CB91B48E35300AD5345 /* Frameworks */ = {
			isa = PBXFrameworksBuildPhase;
			buildActionMask = 2147483647;
			files = (
			);
			runOnlyForDeploymentPostprocessing = 0;
		};
/* End PBXFrameworksBuildPhase section */

/* Begin PBXGroup section */
		20B72C9F1B48E35300AD5345 = {
			isa = PBXGroup;
			children = (
				20B72CAA1B48E35300AD5345 /* GildedRoseKata */,
				20B72CBF1B48E35300AD5345 /* GildedRoseKataTests */,
				20B72CA91B48E35300AD5345 /* Products */,
			);
			sourceTree = "<group>";
		};
		20B72CA91B48E35300AD5345 /* Products */ = {
			isa = PBXGroup;
			children = (
				20B72CA81B48E35300AD5345 /* GildedRoseKata.app */,
				20B72CBC1B48E35300AD5345 /* GildedRoseKataTests.xctest */,
			);
			name = Products;
			sourceTree = "<group>";
		};
		20B72CAA1B48E35300AD5345 /* GildedRoseKata */ = {
			isa = PBXGroup;
			children = (
				20B72CAB1B48E35300AD5345 /* AppDelegate.swift */,
				20B72CAD1B48E35300AD5345 /* ViewController.swift */,
				20B72CCB1B48E50B00AD5345 /* GildedRose.swift */,
				20B72CCC1B48E50B00AD5345 /* ReadMe.txt */,
				20B72CAF1B48E35300AD5345 /* Main.storyboard */,
				20B72CB21B48E35300AD5345 /* Assets.xcassets */,
				20B72CB41B48E35300AD5345 /* LaunchScreen.storyboard */,
				20B72CB71B48E35300AD5345 /* Info.plist */,
			);
			path = GildedRoseKata;
			sourceTree = "<group>";
		};
		20B72CBF1B48E35300AD5345 /* GildedRoseKataTests */ = {
			isa = PBXGroup;
			children = (
				20B72CC21B48E35300AD5345 /* Info.plist */,
				20B72CD01B48E59200AD5345 /* NormalItemTests.swift */,
				20B72CCF1B48E59100AD5345 /* GildedRoseKataTests-Bridging-Header.h */,
				20B72CD21B49A15500AD5345 /* AgedBrieTests.swift */,
				20B72CD41B49B0DC00AD5345 /* BackstagePassesTests.swift */,
				20B72CD71B49B22300AD5345 /* ConjuredItemsTests.swift */,
			);
			path = GildedRoseKataTests;
			sourceTree = "<group>";
		};
/* End PBXGroup section */

/* Begin PBXNativeTarget section */
		20B72CA71B48E35300AD5345 /* GildedRoseKata */ = {
			isa = PBXNativeTarget;
			buildConfigurationList = 20B72CC51B48E35300AD5345 /* Build configuration list for PBXNativeTarget "GildedRoseKata" */;
			buildPhases = (
				20B72CA41B48E35300AD5345 /* Sources */,
				20B72CA51B48E35300AD5345 /* Frameworks */,
				20B72CA61B48E35300AD5345 /* Resources */,
			);
			buildRules = (
			);
			dependencies = (
			);
			name = GildedRoseKata;
			productName = GildedRoseKata;
			productReference = 20B72CA81B48E35300AD5345 /* GildedRoseKata.app */;
			productType = "com.apple.product-type.application";
		};
		20B72CBB1B48E35300AD5345 /* GildedRoseKataTests */ = {
			isa = PBXNativeTarget;
			buildConfigurationList = 20B72CC81B48E35300AD5345 /* Build configuration list for PBXNativeTarget "GildedRoseKataTests" */;
			buildPhases = (
				20B72CB81B48E35300AD5345 /* Sources */,
				20B72CB91B48E35300AD5345 /* Frameworks */,
				20B72CBA1B48E35300AD5345 /* Resources */,
			);
			buildRules = (
			);
			dependencies = (
				20B72CBE1B48E35300AD5345 /* PBXTargetDependency */,
			);
			name = GildedRoseKataTests;
			productName = GildedRoseKataTests;
			productReference = 20B72CBC1B48E35300AD5345 /* GildedRoseKataTests.xctest */;
			productType = "com.apple.product-type.bundle.unit-test";
		};
/* End PBXNativeTarget section */

/* Begin PBXProject section */
		20B72CA01B48E35300AD5345 /* Project object */ = {
			isa = PBXProject;
			attributes = {
				LastSwiftUpdateCheck = 0700;
				LastUpgradeCheck = 0700;
				ORGANIZATIONNAME = "Six Five Software, LLC";
				TargetAttributes = {
					20B72CA71B48E35300AD5345 = {
						CreatedOnToolsVersion = 7.0;
					};
					20B72CBB1B48E35300AD5345 = {
						CreatedOnToolsVersion = 7.0;
						TestTargetID = 20B72CA71B48E35300AD5345;
					};
				};
			};
			buildConfigurationList = 20B72CA31B48E35300AD5345 /* Build configuration list for PBXProject "GildedRoseKata" */;
			compatibilityVersion = "Xcode 3.2";
			developmentRegion = English;
			hasScannedForEncodings = 0;
			knownRegions = (
				en,
				Base,
			);
			mainGroup = 20B72C9F1B48E35300AD5345;
			productRefGroup = 20B72CA91B48E35300AD5345 /* Products */;
			projectDirPath = "";
			projectRoot = "";
			targets = (
				20B72CA71B48E35300AD5345 /* GildedRoseKata */,
				20B72CBB1B48E35300AD5345 /* GildedRoseKataTests */,
			);
		};
/* End PBXProject section */

/* Begin PBXResourcesBuildPhase section */
		20B72CA61B48E35300AD5345 /* Resources */ = {
			isa = PBXResourcesBuildPhase;
			buildActionMask = 2147483647;
			files = (
				20B72CB61B48E35300AD5345 /* LaunchScreen.storyboard in Resources */,
				20B72CB31B48E35300AD5345 /* Assets.xcassets in Resources */,
				20B72CCE1B48E50B00AD5345 /* ReadMe.txt in Resources */,
				20B72CB11B48E35300AD5345 /* Main.storyboard in Resources */,
			);
			runOnlyForDeploymentPostprocessing = 0;
		};
		20B72CBA1B48E35300AD5345 /* Resources */ = {
			isa = PBXResourcesBuildPhase;
			buildActionMask = 2147483647;
			files = (
			);
			runOnlyForDeploymentPostprocessing = 0;
		};
/* End PBXResourcesBuildPhase section */

/* Begin PBXSourcesBuildPhase section */
		20B72CA41B48E35300AD5345 /* Sources */ = {
			isa = PBXSourcesBuildPhase;
			buildActionMask = 2147483647;
			files = (
				20B72CAE1B48E35300AD5345 /* ViewController.swift in Sources */,
				20B72CCD1B48E50B00AD5345 /* GildedRose.swift in Sources */,
				20B72CAC1B48E35300AD5345 /* AppDelegate.swift in Sources */,
			);
			runOnlyForDeploymentPostprocessing = 0;
		};
		20B72CB81B48E35300AD5345 /* Sources */ = {
			isa = PBXSourcesBuildPhase;
			buildActionMask = 2147483647;
			files = (
				20B72CD31B49A15500AD5345 /* AgedBrieTests.swift in Sources */,
				20B72CD11B48E59200AD5345 /* NormalItemTests.swift in Sources */,
				20B72CD81B49B22300AD5345 /* ConjuredItemsTests.swift in Sources */,
				20B72CD51B49B0DC00AD5345 /* BackstagePassesTests.swift in Sources */,
			);
			runOnlyForDeploymentPostprocessing = 0;
		};
/* End PBXSourcesBuildPhase section */

/* Begin PBXTargetDependency section */
		20B72CBE1B48E35300AD5345 /* PBXTargetDependency */ = {
			isa = PBXTargetDependency;
			target = 20B72CA71B48E35300AD5345 /* GildedRoseKata */;
			targetProxy = 20B72CBD1B48E35300AD5345 /* PBXContainerItemProxy */;
		};
/* End PBXTargetDependency section */

/* Begin PBXVariantGroup section */
		20B72CAF1B48E35300AD5345 /* Main.storyboard */ = {
			isa = PBXVariantGroup;
			children = (
				20B72CB01B48E35300AD5345 /* Base */,
			);
			name = Main.storyboard;
			sourceTree = "<group>";
		};
		20B72CB41B48E35300AD5345 /* LaunchScreen.storyboard */ = {
			isa = PBXVariantGroup;
			children = (
				20B72CB51B48E35300AD5345 /* Base */,
			);
			name = LaunchScreen.storyboard;
			sourceTree = "<group>";
		};
/* End PBXVariantGroup section */

/* Begin XCBuildConfiguration section */
		20B72CC31B48E35300AD5345 /* Debug */ = {
			isa = XCBuildConfiguration;
			buildSettings = {
				ALWAYS_SEARCH_USER_PATHS = NO;
				CLANG_CXX_LANGUAGE_STANDARD = "gnu++0x";
				CLANG_CXX_LIBRARY = "libc++";
				CLANG_ENABLE_MODULES = YES;
				CLANG_ENABLE_OBJC_ARC = YES;
				CLANG_WARN_BOOL_CONVERSION = YES;
				CLANG_WARN_CONSTANT_CONVERSION = YES;
				CLANG_WARN_DIRECT_OBJC_ISA_USAGE = YES_ERROR;
				CLANG_WARN_EMPTY_BODY = YES;
				CLANG_WARN_ENUM_CONVERSION = YES;
				CLANG_WARN_INT_CONVERSION = YES;
				CLANG_WARN_OBJC_ROOT_CLASS = YES_ERROR;
				CLANG_WARN_UNREACHABLE_CODE = YES;
				CLANG_WARN__DUPLICATE_METHOD_MATCH = YES;
				"CODE_SIGN_IDENTITY[sdk=iphoneos*]" = "iPhone Developer";
				COPY_PHASE_STRIP = NO;
				DEBUG_INFORMATION_FORMAT = dwarf;
				ENABLE_STRICT_OBJC_MSGSEND = YES;
				ENABLE_TESTABILITY = YES;
				GCC_C_LANGUAGE_STANDARD = gnu99;
				GCC_DYNAMIC_NO_PIC = NO;
				GCC_NO_COMMON_BLOCKS = YES;
				GCC_OPTIMIZATION_LEVEL = 0;
				GCC_PREPROCESSOR_DEFINITIONS = (
					"DEBUG=1",
					"$(inherited)",
				);
				GCC_WARN_64_TO_32_BIT_CONVERSION = YES;
				GCC_WARN_ABOUT_RETURN_TYPE = YES_ERROR;
				GCC_WARN_UNDECLARED_SELECTOR = YES;
				GCC_WARN_UNINITIALIZED_AUTOS = YES_AGGRESSIVE;
				GCC_WARN_UNUSED_FUNCTION = YES;
				GCC_WARN_UNUSED_VARIABLE = YES;
				IPHONEOS_DEPLOYMENT_TARGET = 9.0;
				MTL_ENABLE_DEBUG_INFO = YES;
				ONLY_ACTIVE_ARCH = YES;
				SDKROOT = iphoneos;
				SWIFT_OPTIMIZATION_LEVEL = "-Onone";
			};
			name = Debug;
		};
		20B72CC41B48E35300AD5345 /* Release */ = {
			isa = XCBuildConfiguration;
			buildSettings = {
				ALWAYS_SEARCH_USER_PATHS = NO;
				CLANG_CXX_LANGUAGE_STANDARD = "gnu++0x";
				CLANG_CXX_LIBRARY = "libc++";
				CLANG_ENABLE_MODULES = YES;
				CLANG_ENABLE_OBJC_ARC = YES;
				CLANG_WARN_BOOL_CONVERSION = YES;
				CLANG_WARN_CONSTANT_CONVERSION = YES;
				CLANG_WARN_DIRECT_OBJC_ISA_USAGE = YES_ERROR;
				CLANG_WARN_EMPTY_BODY = YES;
				CLANG_WARN_ENUM_CONVERSION = YES;
				CLANG_WARN_INT_CONVERSION = YES;
				CLANG_WARN_OBJC_ROOT_CLASS = YES_ERROR;
				CLANG_WARN_UNREACHABLE_CODE = YES;
				CLANG_WARN__DUPLICATE_METHOD_MATCH = YES;
				"CODE_SIGN_IDENTITY[sdk=iphoneos*]" = "iPhone Developer";
				COPY_PHASE_STRIP = NO;
				DEBUG_INFORMATION_FORMAT = "dwarf-with-dsym";
				ENABLE_NS_ASSERTIONS = NO;
				ENABLE_STRICT_OBJC_MSGSEND = YES;
				GCC_C_LANGUAGE_STANDARD = gnu99;
				GCC_NO_COMMON_BLOCKS = YES;
				GCC_WARN_64_TO_32_BIT_CONVERSION = YES;
				GCC_WARN_ABOUT_RETURN_TYPE = YES_ERROR;
				GCC_WARN_UNDECLARED_SELECTOR = YES;
				GCC_WARN_UNINITIALIZED_AUTOS = YES_AGGRESSIVE;
				GCC_WARN_UNUSED_FUNCTION = YES;
				GCC_WARN_UNUSED_VARIABLE = YES;
				IPHONEOS_DEPLOYMENT_TARGET = 9.0;
				MTL_ENABLE_DEBUG_INFO = NO;
				SDKROOT = iphoneos;
				VALIDATE_PRODUCT = YES;
			};
			name = Release;
		};
		20B72CC61B48E35300AD5345 /* Debug */ = {
			isa = XCBuildConfiguration;
			buildSettings = {
				ASSETCATALOG_COMPILER_APPICON_NAME = AppIcon;
				INFOPLIST_FILE = GildedRoseKata/Info.plist;
				LD_RUNPATH_SEARCH_PATHS = "$(inherited) @executable_path/Frameworks";
				PRODUCT_BUNDLE_IDENTIFIER = com.sixfivesoftware.GildedRoseKata;
				PRODUCT_NAME = "$(TARGET_NAME)";
			};
			name = Debug;
		};
		20B72CC71B48E35300AD5345 /* Release */ = {
			isa = XCBuildConfiguration;
			buildSettings = {
				ASSETCATALOG_COMPILER_APPICON_NAME = AppIcon;
				INFOPLIST_FILE = GildedRoseKata/Info.plist;
				LD_RUNPATH_SEARCH_PATHS = "$(inherited) @executable_path/Frameworks";
				PRODUCT_BUNDLE_IDENTIFIER = com.sixfivesoftware.GildedRoseKata;
				PRODUCT_NAME = "$(TARGET_NAME)";
			};
			name = Release;
		};
		20B72CC91B48E35300AD5345 /* Debug */ = {
			isa = XCBuildConfiguration;
			buildSettings = {
				BUNDLE_LOADER = "$(TEST_HOST)";
				CLANG_ENABLE_MODULES = YES;
				INFOPLIST_FILE = GildedRoseKataTests/Info.plist;
				LD_RUNPATH_SEARCH_PATHS = "$(inherited) @executable_path/Frameworks @loader_path/Frameworks";
				PRODUCT_BUNDLE_IDENTIFIER = com.sixfivesoftware.GildedRoseKataTests;
				PRODUCT_NAME = "$(TARGET_NAME)";
				SWIFT_OBJC_BRIDGING_HEADER = "GildedRoseKataTests/GildedRoseKataTests-Bridging-Header.h";
				SWIFT_OPTIMIZATION_LEVEL = "-Onone";
				TEST_HOST = "$(BUILT_PRODUCTS_DIR)/GildedRoseKata.app/GildedRoseKata";
			};
			name = Debug;
		};
		20B72CCA1B48E35300AD5345 /* Release */ = {
			isa = XCBuildConfiguration;
			buildSettings = {
				BUNDLE_LOADER = "$(TEST_HOST)";
				CLANG_ENABLE_MODULES = YES;
				INFOPLIST_FILE = GildedRoseKataTests/Info.plist;
				LD_RUNPATH_SEARCH_PATHS = "$(inherited) @executable_path/Frameworks @loader_path/Frameworks";
				PRODUCT_BUNDLE_IDENTIFIER = com.sixfivesoftware.GildedRoseKataTests;
				PRODUCT_NAME = "$(TARGET_NAME)";
				SWIFT_OBJC_BRIDGING_HEADER = "GildedRoseKataTests/GildedRoseKataTests-Bridging-Header.h";
				TEST_HOST = "$(BUILT_PRODUCTS_DIR)/GildedRoseKata.app/GildedRoseKata";
			};
			name = Release;
		};
/* End XCBuildConfiguration section */

/* Begin XCConfigurationList section */
		20B72CA31B48E35300AD5345 /* Build configuration list for PBXProject "GildedRoseKata" */ = {
			isa = XCConfigurationList;
			buildConfigurations = (
				20B72CC31B48E35300AD5345 /* Debug */,
				20B72CC41B48E35300AD5345 /* Release */,
			);
			defaultConfigurationIsVisible = 0;
			defaultConfigurationName = Release;
		};
		20B72CC51B48E35300AD5345 /* Build configuration list for PBXNativeTarget "GildedRoseKata" */ = {
			isa = XCConfigurationList;
			buildConfigurations = (
				20B72CC61B48E35300AD5345 /* Debug */,
				20B72CC71B48E35300AD5345 /* Release */,
			);
			defaultConfigurationIsVisible = 0;
			defaultConfigurationName = Release;
		};
		20B72CC81B48E35300AD5345 /* Build configuration list for PBXNativeTarget "GildedRoseKataTests" */ = {
			isa = XCConfigurationList;
			buildConfigurations = (
				20B72CC91B48E35300AD5345 /* Debug */,
				20B72CCA1B48E35300AD5345 /* Release */,
			);
			defaultConfigurationIsVisible = 0;
			defaultConfigurationName = Release;
		};
/* End XCConfigurationList section */
	};
	rootObject = 20B72CA01B48E35300AD5345 /* Project object */;
}
